
Microsoft Visual Studio Solution File, Format Version 12.00
# Visual Studio Version 17
VisualStudioVersion = 17.1.32228.430
MinimumVisualStudioVersion = 10.0.40219.1
Project("{FAE04EC0-301F-11D3-BF4B-00C04F79EFBC}") = "Zahire Pazar Alanı Projesi", "Zahire Pazar Alanı Projesi\Zahire Pazar Alanı Projesi.csproj", "{53CF0DC9-0255-4D9D-8AD6-1AAC0ED95899}"
EndProject
Global
	GlobalSection(SolutionConfigurationPlatforms) = preSolution
		Debug|Any CPU = Debug|Any CPU
		Release|Any CPU = Release|Any CPU
	EndGlobalSection
	GlobalSection(ProjectConfigurationPlatforms) = postSolution
		{53CF0DC9-0255-4D9D-8AD6-1AAC0ED95899}.Debug|Any CPU.ActiveCfg = Debug|Any CPU
		{53CF0DC9-0255-4D9D-8AD6-1AAC0ED95899}.Debug|Any CPU.Build.0 = Debug|Any CPU
		{53CF0DC9-0255-4D9D-8AD6-1AAC0ED95899}.Release|Any CPU.ActiveCfg = Release|Any CPU
		{53CF0DC9-0255-4D9D-8AD6-1AAC0ED95899}.Release|Any CPU.Build.0 = Release|Any CPU
	EndGlobalSection
	GlobalSection(SolutionProperties) = preSolution
		HideSolutionNode = FALSE
	EndGlobalSection
	GlobalSection(ExtensibilityGlobals) = postSolution
		SolutionGuid = {BDC50DB6-3099-41A6-8EBE-29518E6028A4}
	EndGlobalSection
EndGlobal
